
Microsoft Visual Studio Solution File, Format Version 12.00
# Visual Studio Version 16
VisualStudioVersion = 16.0.30804.86
MinimumVisualStudioVersion = 10.0.40219.1
Project("{FAE04EC0-301F-11D3-BF4B-00C04F79EFBC}") = "ACM.BL", "ACM.BL\ACM.BL.csproj", "{F4B945B6-D76D-4A0B-ABF7-39B742D78CAE}"
EndProject
Project("{2150E333-8FDC-42A3-9474-1A3956D46DE8}") = "tests", "tests", "{CEACD4FC-7780-4BA4-953A-37F5197D8CD7}"
EndProject
Project("{FAE04EC0-301F-11D3-BF4B-00C04F79EFBC}") = "ACM.BLTest", "UnitTestProject1\ACM.BLTest.csproj", "{2D2A0086-0FC9-45A7-857D-C8E388AA8D20}"
EndProject
Global
	GlobalSection(SolutionConfigurationPlatforms) = preSolution
		Debug|Any CPU = Debug|Any CPU
		Release|Any CPU = Release|Any CPU
	EndGlobalSection
	GlobalSection(ProjectConfigurationPlatforms) = postSolution
		{F4B945B6-D76D-4A0B-ABF7-39B742D78CAE}.Debug|Any CPU.ActiveCfg = Debug|Any CPU
		{F4B945B6-D76D-4A0B-ABF7-39B742D78CAE}.Debug|Any CPU.Build.0 = Debug|Any CPU
		{F4B945B6-D76D-4A0B-ABF7-39B742D78CAE}.Release|Any CPU.ActiveCfg = Release|Any CPU
		{F4B945B6-D76D-4A0B-ABF7-39B742D78CAE}.Release|Any CPU.Build.0 = Release|Any CPU
		{2D2A0086-0FC9-45A7-857D-C8E388AA8D20}.Debug|Any CPU.ActiveCfg = Debug|Any CPU
		{2D2A0086-0FC9-45A7-857D-C8E388AA8D20}.Debug|Any CPU.Build.0 = Debug|Any CPU
		{2D2A0086-0FC9-45A7-857D-C8E388AA8D20}.Release|Any CPU.ActiveCfg = Release|Any CPU
		{2D2A0086-0FC9-45A7-857D-C8E388AA8D20}.Release|Any CPU.Build.0 = Release|Any CPU
	EndGlobalSection
	GlobalSection(SolutionProperties) = preSolution
		HideSolutionNode = FALSE
	EndGlobalSection
	GlobalSection(NestedProjects) = preSolution
		{2D2A0086-0FC9-45A7-857D-C8E388AA8D20} = {CEACD4FC-7780-4BA4-953A-37F5197D8CD7}
	EndGlobalSection
	GlobalSection(ExtensibilityGlobals) = postSolution
		SolutionGuid = {F0A94FA2-224D-4C1A-AB02-1E8BCF0D55D2}
	EndGlobalSection
EndGlobal
